{
  "version": 4,
  "terraform_version": "1.3.7",
  "serial": 57,
  "lineage": "11b81ef0-7828-8f9f-35b2-2f3112cf27c6",
  "outputs": {},
  "resources": [
    {
      "mode": "data",
      "type": "azurerm_resource_group",
      "name": "test_rg",
      "provider": "provider[\"registry.terraform.io/hashicorp/azurerm\"]",
      "instances": [
        {
          "schema_version": 0,
          "attributes": {
            "id": "/subscriptions/60f169af-779f-4370-b6f3-3ec4a56ddef0/resourceGroups/test-vnet-new",
            "location": "westus",
            "name": "test-vnet-new",
            "tags": {},
            "timeouts": null
          },
          "sensitive_attributes": []
        }
      ]
    },
    {
      "mode": "data",
      "type": "azurerm_subnet",
      "name": "example",
      "provider": "provider[\"registry.terraform.io/hashicorp/azurerm\"]",
      "instances": [
        {
          "schema_version": 0,
          "attributes": {
            "address_prefix": "10.1.0.0/24",
            "address_prefixes": [
              "10.1.0.0/24"
            ],
            "enforce_private_link_endpoint_network_policies": true,
            "enforce_private_link_service_network_policies": false,
            "id": "/subscriptions/60f169af-779f-4370-b6f3-3ec4a56ddef0/resourceGroups/test-vnet-new/providers/Microsoft.Network/virtualNetworks/test-vnet/subnets/default",
            "name": "default",
            "network_security_group_id": "",
            "private_endpoint_network_policies_enabled": false,
            "private_link_service_network_policies_enabled": true,
            "resource_group_name": "test-vnet-new",
            "route_table_id": "",
            "service_endpoints": [],
            "timeouts": null,
            "virtual_network_name": "test-vnet"
          },
          "sensitive_attributes": []
        }
      ]
    },
    {
      "mode": "data",
      "type": "azurerm_virtual_network",
      "name": "vnet",
      "provider": "provider[\"registry.terraform.io/hashicorp/azurerm\"]",
      "instances": [
        {
          "schema_version": 0,
          "attributes": {
            "address_space": [
              "10.1.0.0/16"
            ],
            "dns_servers": null,
            "guid": "16520edf-d7d2-43b6-a686-3f28bf35f91f",
            "id": "/subscriptions/60f169af-779f-4370-b6f3-3ec4a56ddef0/resourceGroups/test-vnet-new/providers/Microsoft.Network/virtualNetworks/test-vnet",
            "location": "westus",
            "name": "test-vnet",
            "resource_group_name": "test-vnet-new",
            "subnets": [
              "default",
              "new"
            ],
            "tags": {},
            "timeouts": null,
            "vnet_peerings": {},
            "vnet_peerings_addresses": []
          },
          "sensitive_attributes": []
        }
      ]
    },
    {
      "mode": "managed",
      "type": "azurerm_cosmosdb_account",
      "name": "db",
      "provider": "provider[\"registry.terraform.io/hashicorp/azurerm\"]",
      "instances": [
        {
          "schema_version": 0,
          "attributes": {
            "access_key_metadata_writes_enabled": true,
            "analytical_storage": [
              {
                "schema_type": "FullFidelity"
              }
            ],
            "analytical_storage_enabled": false,
            "backup": [
              {
                "interval_in_minutes": 240,
                "retention_in_hours": 8,
                "storage_redundancy": "Geo",
                "type": "Periodic"
              }
            ],
            "capabilities": [
              {
                "name": "EnableMongo"
              }
            ],
            "capacity": [],
            "connection_strings": [
              "mongodb://test-cosmosdb-devops-nn:M0P56I4LHkQPN68RwA8FZi0nDsBxKAAb8KaoBZxZzqYaQnXCFTwM0t6M09grdaDc5Rl1NUrutSzQACDb8adMZA==@test-cosmosdb-devops-nn.mongo.cosmos.azure.com:10255/?ssl=true\u0026replicaSet=globaldb\u0026retrywrites=false\u0026maxIdleTimeMS=120000\u0026appName=@test-cosmosdb-devops-nn@",
              "mongodb://test-cosmosdb-devops-nn:tOodjyM6MyRfItIVeONHEh9oeAyLz4hnWwyefrfx8Vo0EKPyppj75eoUXAzfb6bpwVegc7RcWuayACDbUonsVg==@test-cosmosdb-devops-nn.mongo.cosmos.azure.com:10255/?ssl=true\u0026replicaSet=globaldb\u0026retrywrites=false\u0026maxIdleTimeMS=120000\u0026appName=@test-cosmosdb-devops-nn@",
              "mongodb://test-cosmosdb-devops-nn:xeYv1QHbVda8PnyLQs7LLoylLMDFtyDz2T0AR3DJUd4kMUhatdxzObCgrpcneUeblVCTqXuhFpB5ACDbH6D8dw==@test-cosmosdb-devops-nn.mongo.cosmos.azure.com:10255/?ssl=true\u0026replicaSet=globaldb\u0026retrywrites=false\u0026maxIdleTimeMS=120000\u0026appName=@test-cosmosdb-devops-nn@",
              "mongodb://test-cosmosdb-devops-nn:hlYVA6Mz72oPu4DPkAfXwQdD2qyvGCOcEqOQFmKme52v2grgSNKssENrsKUekD6A9cDSHdWkHgaiACDbxTOjIA==@test-cosmosdb-devops-nn.mongo.cosmos.azure.com:10255/?ssl=true\u0026replicaSet=globaldb\u0026retrywrites=false\u0026maxIdleTimeMS=120000\u0026appName=@test-cosmosdb-devops-nn@"
            ],
            "consistency_policy": [
              {
                "consistency_level": "BoundedStaleness",
                "max_interval_in_seconds": 300,
                "max_staleness_prefix": 100000
              }
            ],
            "cors_rule": [],
            "create_mode": "",
            "default_identity_type": "FirstPartyIdentity",
            "enable_automatic_failover": true,
            "enable_free_tier": false,
            "enable_multiple_write_locations": false,
            "endpoint": "https://test-cosmosdb-devops-nn.documents.azure.com:443/",
            "geo_location": [
              {
                "failover_priority": 0,
                "id": "test-cosmosdb-devops-nn-westus",
                "location": "westus",
                "zone_redundant": false
              }
            ],
            "id": "/subscriptions/60f169af-779f-4370-b6f3-3ec4a56ddef0/resourceGroups/example-resource-group/providers/Microsoft.DocumentDB/databaseAccounts/test-cosmosdb-devops-nn",
            "identity": [],
            "ip_range_filter": "",
            "is_virtual_network_filter_enabled": false,
            "key_vault_key_id": null,
            "kind": "MongoDB",
            "local_authentication_disabled": false,
            "location": "westeurope",
            "mongo_server_version": "3.6",
            "name": "test-cosmosdb-devops-nn",
            "network_acl_bypass_for_azure_services": false,
            "network_acl_bypass_ids": null,
            "offer_type": "Standard",
            "primary_key": "M0P56I4LHkQPN68RwA8FZi0nDsBxKAAb8KaoBZxZzqYaQnXCFTwM0t6M09grdaDc5Rl1NUrutSzQACDb8adMZA==",
            "primary_readonly_key": "xeYv1QHbVda8PnyLQs7LLoylLMDFtyDz2T0AR3DJUd4kMUhatdxzObCgrpcneUeblVCTqXuhFpB5ACDbH6D8dw==",
            "primary_readonly_sql_connection_string": null,
            "primary_sql_connection_string": null,
            "public_network_access_enabled": true,
            "read_endpoints": [
              "https://test-cosmosdb-devops-nn-westus.documents.azure.com:443/"
            ],
            "resource_group_name": "example-resource-group",
            "restore": [],
            "secondary_key": "tOodjyM6MyRfItIVeONHEh9oeAyLz4hnWwyefrfx8Vo0EKPyppj75eoUXAzfb6bpwVegc7RcWuayACDbUonsVg==",
            "secondary_readonly_key": "hlYVA6Mz72oPu4DPkAfXwQdD2qyvGCOcEqOQFmKme52v2grgSNKssENrsKUekD6A9cDSHdWkHgaiACDbxTOjIA==",
            "secondary_readonly_sql_connection_string": null,
            "secondary_sql_connection_string": null,
            "tags": null,
            "timeouts": null,
            "virtual_network_rule": [],
            "write_endpoints": [
              "https://test-cosmosdb-devops-nn-westus.documents.azure.com:443/"
            ]
          },
          "sensitive_attributes": [],
          "private": "eyJlMmJmYjczMC1lY2FhLTExZTYtOGY4OC0zNDM2M2JjN2M0YzAiOnsiY3JlYXRlIjoxMDgwMDAwMDAwMDAwMCwiZGVsZXRlIjoxMDgwMDAwMDAwMDAwMCwicmVhZCI6MzAwMDAwMDAwMDAwLCJ1cGRhdGUiOjEwODAwMDAwMDAwMDAwfX0=",
          "dependencies": [
            "azurerm_resource_group.example"
          ]
        }
      ]
    },
    {
      "mode": "managed",
      "type": "azurerm_private_dns_zone",
      "name": "example",
      "provider": "provider[\"registry.terraform.io/hashicorp/azurerm\"]",
      "instances": [
        {
          "schema_version": 0,
          "attributes": {
            "id": "/subscriptions/60f169af-779f-4370-b6f3-3ec4a56ddef0/resourceGroups/test-vnet-new/providers/Microsoft.Network/privateDnsZones/mydomaincosmostest.com",
            "max_number_of_record_sets": 25000,
            "max_number_of_virtual_network_links": 1000,
            "max_number_of_virtual_network_links_with_registration": 100,
            "name": "mydomaincosmostest.com",
            "number_of_record_sets": 1,
            "resource_group_name": "test-vnet-new",
            "soa_record": [
              {
                "email": "azureprivatedns-host.microsoft.com",
                "expire_time": 2419200,
                "fqdn": "mydomaincosmostest.com.",
                "host_name": "azureprivatedns.net",
                "minimum_ttl": 10,
                "refresh_time": 3600,
                "retry_time": 300,
                "serial_number": 1,
                "tags": {},
                "ttl": 3600
              }
            ],
            "tags": null,
            "timeouts": null
          },
          "sensitive_attributes": [],
          "private": "eyJlMmJmYjczMC1lY2FhLTExZTYtOGY4OC0zNDM2M2JjN2M0YzAiOnsiY3JlYXRlIjoxODAwMDAwMDAwMDAwLCJkZWxldGUiOjE4MDAwMDAwMDAwMDAsInJlYWQiOjMwMDAwMDAwMDAwMCwidXBkYXRlIjoxODAwMDAwMDAwMDAwfX0=",
          "dependencies": [
            "data.azurerm_resource_group.test_rg"
          ]
        }
      ]
    },
    {
      "mode": "managed",
      "type": "azurerm_private_endpoint",
      "name": "example",
      "provider": "provider[\"registry.terraform.io/hashicorp/azurerm\"]",
      "instances": [
        {
          "schema_version": 0,
          "attributes": {
            "custom_dns_configs": [
              {
                "fqdn": "test-cosmosdb-devops-nn.mongo.cosmos.azure.com",
                "ip_addresses": [
                  "10.1.0.4"
                ]
              },
              {
                "fqdn": "test-cosmosdb-devops-nn-westus.mongo.cosmos.azure.com",
                "ip_addresses": [
                  "10.1.0.5"
                ]
              }
            ],
            "custom_network_interface_name": "",
            "id": "/subscriptions/60f169af-779f-4370-b6f3-3ec4a56ddef0/resourceGroups/test-vnet-new/providers/Microsoft.Network/privateEndpoints/test-pe",
            "ip_configuration": [],
            "location": "westus",
            "name": "test-pe",
            "network_interface": [
              {
                "id": "/subscriptions/60f169af-779f-4370-b6f3-3ec4a56ddef0/resourceGroups/test-vnet-new/providers/Microsoft.Network/networkInterfaces/test-pe.nic.9a2d0671-629e-40a1-b05e-624e981545f5",
                "name": "test-pe.nic.9a2d0671-629e-40a1-b05e-624e981545f5"
              }
            ],
            "private_dns_zone_configs": [
              {
                "id": "/subscriptions/60f169af-779f-4370-b6f3-3ec4a56ddef0/resourceGroups/test-vnet-new/providers/Microsoft.Network/privateEndpoints/test-pe/privateDnsZoneGroups/privatednszone/privateDnsZoneConfigs/mydomaincosmostest.com",
                "name": "mydomaincosmostest.com",
                "private_dns_zone_id": "/subscriptions/60f169af-779f-4370-b6f3-3ec4a56ddef0/resourceGroups/test-vnet-new/providers/Microsoft.Network/privateDnsZones/mydomaincosmostest.com",
                "record_sets": []
              }
            ],
            "private_dns_zone_group": [
              {
                "id": "/subscriptions/60f169af-779f-4370-b6f3-3ec4a56ddef0/resourceGroups/test-vnet-new/providers/Microsoft.Network/privateEndpoints/test-pe/privateDnsZoneGroups/privatednszone",
                "name": "privatednszone",
                "private_dns_zone_ids": [
                  "/subscriptions/60f169af-779f-4370-b6f3-3ec4a56ddef0/resourceGroups/test-vnet-new/providers/Microsoft.Network/privateDnsZones/mydomaincosmostest.com"
                ]
              }
            ],
            "private_service_connection": [
              {
                "is_manual_connection": false,
                "name": "tfex-cosmosdb-connection",
                "private_connection_resource_alias": "",
                "private_connection_resource_id": "/subscriptions/60f169af-779f-4370-b6f3-3ec4a56ddef0/resourceGroups/example-resource-group/providers/Microsoft.DocumentDB/databaseAccounts/test-cosmosdb-devops-nn",
                "private_ip_address": "10.1.0.4",
                "request_message": "",
                "subresource_names": [
                  "MongoDB"
                ]
              }
            ],
            "resource_group_name": "test-vnet-new",
            "subnet_id": "/subscriptions/60f169af-779f-4370-b6f3-3ec4a56ddef0/resourceGroups/test-vnet-new/providers/Microsoft.Network/virtualNetworks/test-vnet/subnets/default",
            "tags": null,
            "timeouts": null
          },
          "sensitive_attributes": [],
          "private": "eyJlMmJmYjczMC1lY2FhLTExZTYtOGY4OC0zNDM2M2JjN2M0YzAiOnsiY3JlYXRlIjozNjAwMDAwMDAwMDAwLCJkZWxldGUiOjM2MDAwMDAwMDAwMDAsInJlYWQiOjMwMDAwMDAwMDAwMCwidXBkYXRlIjozNjAwMDAwMDAwMDAwfX0=",
          "dependencies": [
            "azurerm_cosmosdb_account.db",
            "azurerm_private_dns_zone.example",
            "azurerm_resource_group.example",
            "data.azurerm_resource_group.test_rg",
            "data.azurerm_subnet.example"
          ]
        }
      ]
    },
    {
      "mode": "managed",
      "type": "azurerm_resource_group",
      "name": "example",
      "provider": "provider[\"registry.terraform.io/hashicorp/azurerm\"]",
      "instances": [
        {
          "schema_version": 0,
          "attributes": {
            "id": "/subscriptions/60f169af-779f-4370-b6f3-3ec4a56ddef0/resourceGroups/example-resource-group",
            "location": "westeurope",
            "name": "example-resource-group",
            "tags": null,
            "timeouts": null
          },
          "sensitive_attributes": [],
          "private": "eyJlMmJmYjczMC1lY2FhLTExZTYtOGY4OC0zNDM2M2JjN2M0YzAiOnsiY3JlYXRlIjo1NDAwMDAwMDAwMDAwLCJkZWxldGUiOjU0MDAwMDAwMDAwMDAsInJlYWQiOjMwMDAwMDAwMDAwMCwidXBkYXRlIjo1NDAwMDAwMDAwMDAwfX0="
        }
      ]
    }
  ],
  "check_results": null
}
